
Microsoft Visual Studio Solution File, Format Version 12.00
# Visual Studio Version 17
VisualStudioVersion = 17.0.31717.71
MinimumVisualStudioVersion = 10.0.40219.1
Project("{FAE04EC0-301F-11D3-BF4B-00C04F79EFBC}") = "ChallengeCodeAuthorizer", "ChallengeCodeAuthorizer\ChallengeCodeAuthorizer.csproj", "{98ADDEA4-D9C0-4F02-A786-0218D7F73139}"
EndProject
Global
	GlobalSection(SolutionConfigurationPlatforms) = preSolution
		Debug|Any CPU = Debug|Any CPU
		Release|Any CPU = Release|Any CPU
	EndGlobalSection
	GlobalSection(ProjectConfigurationPlatforms) = postSolution
		{98ADDEA4-D9C0-4F02-A786-0218D7F73139}.Debug|Any CPU.ActiveCfg = Debug|Any CPU
		{98ADDEA4-D9C0-4F02-A786-0218D7F73139}.Debug|Any CPU.Build.0 = Debug|Any CPU
		{98ADDEA4-D9C0-4F02-A786-0218D7F73139}.Release|Any CPU.ActiveCfg = Release|Any CPU
		{98ADDEA4-D9C0-4F02-A786-0218D7F73139}.Release|Any CPU.Build.0 = Release|Any CPU
	EndGlobalSection
	GlobalSection(SolutionProperties) = preSolution
		HideSolutionNode = FALSE
	EndGlobalSection
	GlobalSection(ExtensibilityGlobals) = postSolution
		SolutionGuid = {114624C7-AEAE-4D45-A419-D685104CBE05}
	EndGlobalSection
EndGlobal
